PODS:
  - SnapKit (5.0.1)
  - VerticalCardSwiper (2.3.1)

DEPENDENCIES:
  - SnapKit (~> 5.0.0)
  - VerticalCardSwiper

SPEC REPOS:
  trunk:
    - SnapKit
    - VerticalCardSwiper

SPEC CHECKSUMS:
  SnapKit: 97b92857e3df3a0c71833cce143274bf6ef8e5eb
  VerticalCardSwiper: 68df635b354500f86934ea044ade37a264c044c6

PODFILE CHECKSUM: fda6e8ab4c10c1197b7f8da4872c74078e1d8bb1

COCOAPODS: 1.10.1
