PODS:
  - JJFloatingActionButton (2.5.0)
  - SnapKit (5.0.1)

DEPENDENCIES:
  - JJFloatingActionButton (from `https://github.com/yangsubinn/JJFloatingActionButton.git`, branch `master`)
  - SnapKit (~> 5.0.0)

SPEC REPOS:
  trunk:
    - SnapKit

EXTERNAL SOURCES:
  JJFloatingActionButton:
    :branch: master
    :git: https://github.com/yangsubinn/JJFloatingActionButton.git

CHECKOUT OPTIONS:
  JJFloatingActionButton:
    :commit: d31fecac785f0eadd11abaa1e17e31b92186038a
    :git: https://github.com/yangsubinn/JJFloatingActionButton.git

SPEC CHECKSUMS:
  JJFloatingActionButton: fdc3aefb0f28f04d0f988fa25d5fac97028a9ea7
  SnapKit: 97b92857e3df3a0c71833cce143274bf6ef8e5eb

PODFILE CHECKSUM: 3e8b6c559170a795e7e3f371f6cf009bcbac5450

COCOAPODS: 1.11.2
