// !$*UTF8*$!
{
	archiveVersion = 1;
	classes = {
	};
	objectVersion = 56;
	objects = {

/* Begin PBXBuildFile section */
		2B7FD6982A5691700003B3C6 /* RxCocoa in Frameworks */ = {isa = PBXBuildFile; productRef = 2B7FD6972A5691700003B3C6 /* RxCocoa */; };
		2B7FD69A2A5691700003B3C6 /* RxRelay in Frameworks */ = {isa = PBXBuildFile; productRef = 2B7FD6992A5691700003B3C6 /* RxRelay */; };
		2B7FD69C2A5691700003B3C6 /* RxSwift in Frameworks */ = {isa = PBXBuildFile; productRef = 2B7FD69B2A5691700003B3C6 /* RxSwift */; };
		2B7FD69E2A5691D40003B3C6 /* ViewModelType.swift in Sources */ = {isa = PBXBuildFile; fileRef = 2B7FD69D2A5691D40003B3C6 /* ViewModelType.swift */; };
		2B7FD6A02A5691E40003B3C6 /* MainViewModel.swift in Sources */ = {isa = PBXBuildFile; fileRef = 2B7FD69F2A5691E40003B3C6 /* MainViewModel.swift */; };
		2B7FD6A22A569AAC0003B3C6 /* PhotoService.swift in Sources */ = {isa = PBXBuildFile; fileRef = 2B7FD6A12A569AAB0003B3C6 /* PhotoService.swift */; };
		2B9B78D22A55573000204B6B /* AppDelegate.swift in Sources */ = {isa = PBXBuildFile; fileRef = 2B9B78D12A55573000204B6B /* AppDelegate.swift */; };
		2B9B78D42A55573000204B6B /* SceneDelegate.swift in Sources */ = {isa = PBXBuildFile; fileRef = 2B9B78D32A55573000204B6B /* SceneDelegate.swift */; };
		2B9B78D62A55573000204B6B /* ViewController.swift in Sources */ = {isa = PBXBuildFile; fileRef = 2B9B78D52A55573000204B6B /* ViewController.swift */; };
		2B9B78D92A55573000204B6B /* Main.storyboard in Resources */ = {isa = PBXBuildFile; fileRef = 2B9B78D72A55573000204B6B /* Main.storyboard */; };
		2B9B78DB2A55573100204B6B /* Assets.xcassets in Resources */ = {isa = PBXBuildFile; fileRef = 2B9B78DA2A55573100204B6B /* Assets.xcassets */; };
		2B9B78DE2A55573100204B6B /* LaunchScreen.storyboard in Resources */ = {isa = PBXBuildFile; fileRef = 2B9B78DC2A55573100204B6B /* LaunchScreen.storyboard */; };
		2B9B78E72A5559E200204B6B /* SnapKit in Frameworks */ = {isa = PBXBuildFile; productRef = 2B9B78E62A5559E200204B6B /* SnapKit */; };
/* End PBXBuildFile section */

/* Begin PBXFileReference section */
		2B7FD69D2A5691D40003B3C6 /* ViewModelType.swift */ = {isa = PBXFileReference; lastKnownFileType = sourcecode.swift; path = ViewModelType.swift; sourceTree = "<group>"; };
		2B7FD69F2A5691E40003B3C6 /* MainViewModel.swift */ = {isa = PBXFileReference; lastKnownFileType = sourcecode.swift; path = MainViewModel.swift; sourceTree = "<group>"; };
		2B7FD6A12A569AAB0003B3C6 /* PhotoService.swift */ = {isa = PBXFileReference; lastKnownFileType = sourcecode.swift; path = PhotoService.swift; sourceTree = "<group>"; };
		2B9B78CE2A55573000204B6B /* ImageInfo.app */ = {isa = PBXFileReference; explicitFileType = wrapper.application; includeInIndex = 0; path = ImageInfo.app; sourceTree = BUILT_PRODUCTS_DIR; };
		2B9B78D12A55573000204B6B /* AppDelegate.swift */ = {isa = PBXFileReference; lastKnownFileType = sourcecode.swift; path = AppDelegate.swift; sourceTree = "<group>"; };
		2B9B78D32A55573000204B6B /* SceneDelegate.swift */ = {isa = PBXFileReference; lastKnownFileType = sourcecode.swift; path = SceneDelegate.swift; sourceTree = "<group>"; };
		2B9B78D52A55573000204B6B /* ViewController.swift */ = {isa = PBXFileReference; lastKnownFileType = sourcecode.swift; path = ViewController.swift; sourceTree = "<group>"; };
		2B9B78D82A55573000204B6B /* Base */ = {isa = PBXFileReference; lastKnownFileType = file.storyboard; name = Base; path = Base.lproj/Main.storyboard; sourceTree = "<group>"; };
		2B9B78DA2A55573100204B6B /* Assets.xcassets */ = {isa = PBXFileReference; lastKnownFileType = folder.assetcatalog; path = Assets.xcassets; sourceTree = "<group>"; };
		2B9B78DD2A55573100204B6B /* Base */ = {isa = PBXFileReference; lastKnownFileType = file.storyboard; name = Base; path = Base.lproj/LaunchScreen.storyboard; sourceTree = "<group>"; };
		2B9B78DF2A55573100204B6B /* Info.plist */ = {isa = PBXFileReference; lastKnownFileType = text.plist.xml; path = Info.plist; sourceTree = "<group>"; };
/* End PBXFileReference section */

/* Begin PBXFrameworksBuildPhase section */
		2B9B78CB2A55573000204B6B /* Frameworks */ = {
			isa = PBXFrameworksBuildPhase;
			buildActionMask = 2147483647;
			files = (
				2B7FD69A2A5691700003B3C6 /* RxRelay in Frameworks */,
				2B7FD6982A5691700003B3C6 /* RxCocoa in Frameworks */,
				2B7FD69C2A5691700003B3C6 /* RxSwift in Frameworks */,
				2B9B78E72A5559E200204B6B /* SnapKit in Frameworks */,
			);
			runOnlyForDeploymentPostprocessing = 0;
		};
/* End PBXFrameworksBuildPhase section */

/* Begin PBXGroup section */
		2B9B78C52A55573000204B6B = {
			isa = PBXGroup;
			children = (
				2B9B78D02A55573000204B6B /* ImageInfo */,
				2B9B78CF2A55573000204B6B /* Products */,
			);
			sourceTree = "<group>";
		};
		2B9B78CF2A55573000204B6B /* Products */ = {
			isa = PBXGroup;
			children = (
				2B9B78CE2A55573000204B6B /* ImageInfo.app */,
			);
			name = Products;
			sourceTree = "<group>";
		};
		2B9B78D02A55573000204B6B /* ImageInfo */ = {
			isa = PBXGroup;
			children = (
				2B9B78D12A55573000204B6B /* AppDelegate.swift */,
				2B9B78D32A55573000204B6B /* SceneDelegate.swift */,
				2B9B78D52A55573000204B6B /* ViewController.swift */,
				2B7FD6A12A569AAB0003B3C6 /* PhotoService.swift */,
				2B7FD69F2A5691E40003B3C6 /* MainViewModel.swift */,
				2B7FD69D2A5691D40003B3C6 /* ViewModelType.swift */,
				2B9B78D72A55573000204B6B /* Main.storyboard */,
				2B9B78DA2A55573100204B6B /* Assets.xcassets */,
				2B9B78DC2A55573100204B6B /* LaunchScreen.storyboard */,
				2B9B78DF2A55573100204B6B /* Info.plist */,
			);
			path = ImageInfo;
			sourceTree = "<group>";
		};
/* End PBXGroup section */

/* Begin PBXNativeTarget section */
		2B9B78CD2A55573000204B6B /* ImageInfo */ = {
			isa = PBXNativeTarget;
			buildConfigurationList = 2B9B78E22A55573100204B6B /* Build configuration list for PBXNativeTarget "ImageInfo" */;
			buildPhases = (
				2B9B78CA2A55573000204B6B /* Sources */,
				2B9B78CB2A55573000204B6B /* Frameworks */,
				2B9B78CC2A55573000204B6B /* Resources */,
			);
			buildRules = (
			);
			dependencies = (
			);
			name = ImageInfo;
			packageProductDependencies = (
				2B9B78E62A5559E200204B6B /* SnapKit */,
				2B7FD6972A5691700003B3C6 /* RxCocoa */,
				2B7FD6992A5691700003B3C6 /* RxRelay */,
				2B7FD69B2A5691700003B3C6 /* RxSwift */,
			);
			productName = ImageInfo;
			productReference = 2B9B78CE2A55573000204B6B /* ImageInfo.app */;
			productType = "com.apple.product-type.application";
		};
/* End PBXNativeTarget section */

/* Begin PBXProject section */
		2B9B78C62A55573000204B6B /* Project object */ = {
			isa = PBXProject;
			attributes = {
				BuildIndependentTargetsInParallel = 1;
				LastSwiftUpdateCheck = 1420;
				LastUpgradeCheck = 1420;
				TargetAttributes = {
					2B9B78CD2A55573000204B6B = {
						CreatedOnToolsVersion = 14.2;
					};
				};
			};
			buildConfigurationList = 2B9B78C92A55573000204B6B /* Build configuration list for PBXProject "ImageInfo" */;
			compatibilityVersion = "Xcode 14.0";
			developmentRegion = en;
			hasScannedForEncodings = 0;
			knownRegions = (
				en,
				Base,
			);
			mainGroup = 2B9B78C52A55573000204B6B;
			packageReferences = (
				2B9B78E52A5559E200204B6B /* XCRemoteSwiftPackageReference "SnapKit" */,
				2B7FD6962A5691700003B3C6 /* XCRemoteSwiftPackageReference "RxSwift" */,
			);
			productRefGroup = 2B9B78CF2A55573000204B6B /* Products */;
			projectDirPath = "";
			projectRoot = "";
			targets = (
				2B9B78CD2A55573000204B6B /* ImageInfo */,
			);
		};
/* End PBXProject section */

/* Begin PBXResourcesBuildPhase section */
		2B9B78CC2A55573000204B6B /* Resources */ = {
			isa = PBXResourcesBuildPhase;
			buildActionMask = 2147483647;
			files = (
				2B9B78DE2A55573100204B6B /* LaunchScreen.storyboard in Resources */,
				2B9B78DB2A55573100204B6B /* Assets.xcassets in Resources */,
				2B9B78D92A55573000204B6B /* Main.storyboard in Resources */,
			);
			runOnlyForDeploymentPostprocessing = 0;
		};
/* End PBXResourcesBuildPhase section */

/* Begin PBXSourcesBuildPhase section */
		2B9B78CA2A55573000204B6B /* Sources */ = {
			isa = PBXSourcesBuildPhase;
			buildActionMask = 2147483647;
			files = (
				2B7FD6A02A5691E40003B3C6 /* MainViewModel.swift in Sources */,
				2B7FD69E2A5691D40003B3C6 /* ViewModelType.swift in Sources */,
				2B7FD6A22A569AAC0003B3C6 /* PhotoService.swift in Sources */,
				2B9B78D62A55573000204B6B /* ViewController.swift in Sources */,
				2B9B78D22A55573000204B6B /* AppDelegate.swift in Sources */,
				2B9B78D42A55573000204B6B /* SceneDelegate.swift in Sources */,
			);
			runOnlyForDeploymentPostprocessing = 0;
		};
/* End PBXSourcesBuildPhase section */

/* Begin PBXVariantGroup section */
		2B9B78D72A55573000204B6B /* Main.storyboard */ = {
			isa = PBXVariantGroup;
			children = (
				2B9B78D82A55573000204B6B /* Base */,
			);
			name = Main.storyboard;
			sourceTree = "<group>";
		};
		2B9B78DC2A55573100204B6B /* LaunchScreen.storyboard */ = {
			isa = PBXVariantGroup;
			children = (
				2B9B78DD2A55573100204B6B /* Base */,
			);
			name = LaunchScreen.storyboard;
			sourceTree = "<group>";
		};
/* End PBXVariantGroup section */

/* Begin XCBuildConfiguration section */
		2B9B78E02A55573100204B6B /* Debug */ = {
			isa = XCBuildConfiguration;
			buildSettings = {
				ALWAYS_SEARCH_USER_PATHS = NO;
				CLANG_ANALYZER_NONNULL = YES;
				CLANG_ANALYZER_NUMBER_OBJECT_CONVERSION = YES_AGGRESSIVE;
				CLANG_CXX_LANGUAGE_STANDARD = "gnu++20";
				CLANG_ENABLE_MODULES = YES;
				CLANG_ENABLE_OBJC_ARC = YES;
				CLANG_ENABLE_OBJC_WEAK = YES;
				CLANG_WARN_BLOCK_CAPTURE_AUTORELEASING = YES;
				CLANG_WARN_BOOL_CONVERSION = YES;
				CLANG_WARN_COMMA = YES;
				CLANG_WARN_CONSTANT_CONVERSION = YES;
				CLANG_WARN_DEPRECATED_OBJC_IMPLEMENTATIONS = YES;
				CLANG_WARN_DIRECT_OBJC_ISA_USAGE = YES_ERROR;
				CLANG_WARN_DOCUMENTATION_COMMENTS = YES;
				CLANG_WARN_EMPTY_BODY = YES;
				CLANG_WARN_ENUM_CONVERSION = YES;
				CLANG_WARN_INFINITE_RECURSION = YES;
				CLANG_WARN_INT_CONVERSION = YES;
				CLANG_WARN_NON_LITERAL_NULL_CONVERSION = YES;
				CLANG_WARN_OBJC_IMPLICIT_RETAIN_SELF = YES;
				CLANG_WARN_OBJC_LITERAL_CONVERSION = YES;
				CLANG_WARN_OBJC_ROOT_CLASS = YES_ERROR;
				CLANG_WARN_QUOTED_INCLUDE_IN_FRAMEWORK_HEADER = YES;
				CLANG_WARN_RANGE_LOOP_ANALYSIS = YES;
				CLANG_WARN_STRICT_PROTOTYPES = YES;
				CLANG_WARN_SUSPICIOUS_MOVE = YES;
				CLANG_WARN_UNGUARDED_AVAILABILITY = YES_AGGRESSIVE;
				CLANG_WARN_UNREACHABLE_CODE = YES;
				CLANG_WARN__DUPLICATE_METHOD_MATCH = YES;
				COPY_PHASE_STRIP = NO;
				DEBUG_INFORMATION_FORMAT = dwarf;
				ENABLE_STRICT_OBJC_MSGSEND = YES;
				ENABLE_TESTABILITY = YES;
				GCC_C_LANGUAGE_STANDARD = gnu11;
				GCC_DYNAMIC_NO_PIC = NO;
				GCC_NO_COMMON_BLOCKS = YES;
				GCC_OPTIMIZATION_LEVEL = 0;
				GCC_PREPROCESSOR_DEFINITIONS = (
					"DEBUG=1",
					"$(inherited)",
				);
				GCC_WARN_64_TO_32_BIT_CONVERSION = YES;
				GCC_WARN_ABOUT_RETURN_TYPE = YES_ERROR;
				GCC_WARN_UNDECLARED_SELECTOR = YES;
				GCC_WARN_UNINITIALIZED_AUTOS = YES_AGGRESSIVE;
				GCC_WARN_UNUSED_FUNCTION = YES;
				GCC_WARN_UNUSED_VARIABLE = YES;
				IPHONEOS_DEPLOYMENT_TARGET = 16.2;
				MTL_ENABLE_DEBUG_INFO = INCLUDE_SOURCE;
				MTL_FAST_MATH = YES;
				ONLY_ACTIVE_ARCH = YES;
				SDKROOT = iphoneos;
				SWIFT_ACTIVE_COMPILATION_CONDITIONS = DEBUG;
				SWIFT_OPTIMIZATION_LEVEL = "-Onone";
			};
			name = Debug;
		};
		2B9B78E12A55573100204B6B /* Release */ = {
			isa = XCBuildConfiguration;
			buildSettings = {
				ALWAYS_SEARCH_USER_PATHS = NO;
				CLANG_ANALYZER_NONNULL = YES;
				CLANG_ANALYZER_NUMBER_OBJECT_CONVERSION = YES_AGGRESSIVE;
				CLANG_CXX_LANGUAGE_STANDARD = "gnu++20";
				CLANG_ENABLE_MODULES = YES;
				CLANG_ENABLE_OBJC_ARC = YES;
				CLANG_ENABLE_OBJC_WEAK = YES;
				CLANG_WARN_BLOCK_CAPTURE_AUTORELEASING = YES;
				CLANG_WARN_BOOL_CONVERSION = YES;
				CLANG_WARN_COMMA = YES;
				CLANG_WARN_CONSTANT_CONVERSION = YES;
				CLANG_WARN_DEPRECATED_OBJC_IMPLEMENTATIONS = YES;
				CLANG_WARN_DIRECT_OBJC_ISA_USAGE = YES_ERROR;
				CLANG_WARN_DOCUMENTATION_COMMENTS = YES;
				CLANG_WARN_EMPTY_BODY = YES;
				CLANG_WARN_ENUM_CONVERSION = YES;
				CLANG_WARN_INFINITE_RECURSION = YES;
				CLANG_WARN_INT_CONVERSION = YES;
				CLANG_WARN_NON_LITERAL_NULL_CONVERSION = YES;
				CLANG_WARN_OBJC_IMPLICIT_RETAIN_SELF = YES;
				CLANG_WARN_OBJC_LITERAL_CONVERSION = YES;
				CLANG_WARN_OBJC_ROOT_CLASS = YES_ERROR;
				CLANG_WARN_QUOTED_INCLUDE_IN_FRAMEWORK_HEADER = YES;
				CLANG_WARN_RANGE_LOOP_ANALYSIS = YES;
				CLANG_WARN_STRICT_PROTOTYPES = YES;
				CLANG_WARN_SUSPICIOUS_MOVE = YES;
				CLANG_WARN_UNGUARDED_AVAILABILITY = YES_AGGRESSIVE;
				CLANG_WARN_UNREACHABLE_CODE = YES;
				CLANG_WARN__DUPLICATE_METHOD_MATCH = YES;
				COPY_PHASE_STRIP = NO;
				DEBUG_INFORMATION_FORMAT = "dwarf-with-dsym";
				ENABLE_NS_ASSERTIONS = NO;
				ENABLE_STRICT_OBJC_MSGSEND = YES;
				GCC_C_LANGUAGE_STANDARD = gnu11;
				GCC_NO_COMMON_BLOCKS = YES;
				GCC_WARN_64_TO_32_BIT_CONVERSION = YES;
				GCC_WARN_ABOUT_RETURN_TYPE = YES_ERROR;
				GCC_WARN_UNDECLARED_SELECTOR = YES;
				GCC_WARN_UNINITIALIZED_AUTOS = YES_AGGRESSIVE;
				GCC_WARN_UNUSED_FUNCTION = YES;
				GCC_WARN_UNUSED_VARIABLE = YES;
				IPHONEOS_DEPLOYMENT_TARGET = 16.2;
				MTL_ENABLE_DEBUG_INFO = NO;
				MTL_FAST_MATH = YES;
				SDKROOT = iphoneos;
				SWIFT_COMPILATION_MODE = wholemodule;
				SWIFT_OPTIMIZATION_LEVEL = "-O";
				VALIDATE_PRODUCT = YES;
			};
			name = Release;
		};
		2B9B78E32A55573100204B6B /* Debug */ = {
			isa = XCBuildConfiguration;
			buildSettings = {
				ASSETCATALOG_COMPILER_APPICON_NAME = AppIcon;
				ASSETCATALOG_COMPILER_GLOBAL_ACCENT_COLOR_NAME = AccentColor;
				CODE_SIGN_STYLE = Automatic;
				CURRENT_PROJECT_VERSION = 1;
				DEVELOPMENT_TEAM = 6L372B2RJ6;
				GENERATE_INFOPLIST_FILE = YES;
				INFOPLIST_FILE = ImageInfo/Info.plist;
				INFOPLIST_KEY_UIApplicationSupportsIndirectInputEvents = YES;
				INFOPLIST_KEY_UILaunchStoryboardName = LaunchScreen;
				INFOPLIST_KEY_UIMainStoryboardFile = Main;
				INFOPLIST_KEY_UISupportedInterfaceOrientations_iPad = "UIInterfaceOrientationPortrait UIInterfaceOrientationPortraitUpsideDown UIInterfaceOrientationLandscapeLeft UIInterfaceOrientationLandscapeRight";
				INFOPLIST_KEY_UISupportedInterfaceOrientations_iPhone = "UIInterfaceOrientationPortrait UIInterfaceOrientationLandscapeLeft UIInterfaceOrientationLandscapeRight";
				IPHONEOS_DEPLOYMENT_TARGET = 16.0;
				LD_RUNPATH_SEARCH_PATHS = (
					"$(inherited)",
					"@executable_path/Frameworks",
				);
				MARKETING_VERSION = 1.0;
				PRODUCT_BUNDLE_IDENTIFIER = subin.ImageInfo;
				PRODUCT_NAME = "$(TARGET_NAME)";
				SWIFT_EMIT_LOC_STRINGS = YES;
				SWIFT_VERSION = 5.0;
				TARGETED_DEVICE_FAMILY = "1,2";
			};
			name = Debug;
		};
		2B9B78E42A55573100204B6B /* Release */ = {
			isa = XCBuildConfiguration;
			buildSettings = {
				ASSETCATALOG_COMPILER_APPICON_NAME = AppIcon;
				ASSETCATALOG_COMPILER_GLOBAL_ACCENT_COLOR_NAME = AccentColor;
				CODE_SIGN_STYLE = Automatic;
				CURRENT_PROJECT_VERSION = 1;
				DEVELOPMENT_TEAM = 6L372B2RJ6;
				GENERATE_INFOPLIST_FILE = YES;
				INFOPLIST_FILE = ImageInfo/Info.plist;
				INFOPLIST_KEY_UIApplicationSupportsIndirectInputEvents = YES;
				INFOPLIST_KEY_UILaunchStoryboardName = LaunchScreen;
				INFOPLIST_KEY_UIMainStoryboardFile = Main;
				INFOPLIST_KEY_UISupportedInterfaceOrientations_iPad = "UIInterfaceOrientationPortrait UIInterfaceOrientationPortraitUpsideDown UIInterfaceOrientationLandscapeLeft UIInterfaceOrientationLandscapeRight";
				INFOPLIST_KEY_UISupportedInterfaceOrientations_iPhone = "UIInterfaceOrientationPortrait UIInterfaceOrientationLandscapeLeft UIInterfaceOrientationLandscapeRight";
				IPHONEOS_DEPLOYMENT_TARGET = 16.0;
				LD_RUNPATH_SEARCH_PATHS = (
					"$(inherited)",
					"@executable_path/Frameworks",
				);
				MARKETING_VERSION = 1.0;
				PRODUCT_BUNDLE_IDENTIFIER = subin.ImageInfo;
				PRODUCT_NAME = "$(TARGET_NAME)";
				SWIFT_EMIT_LOC_STRINGS = YES;
				SWIFT_VERSION = 5.0;
				TARGETED_DEVICE_FAMILY = "1,2";
			};
			name = Release;
		};
/* End XCBuildConfiguration section */

/* Begin XCConfigurationList section */
		2B9B78C92A55573000204B6B /* Build configuration list for PBXProject "ImageInfo" */ = {
			isa = XCConfigurationList;
			buildConfigurations = (
				2B9B78E02A55573100204B6B /* Debug */,
				2B9B78E12A55573100204B6B /* Release */,
			);
			defaultConfigurationIsVisible = 0;
			defaultConfigurationName = Release;
		};
		2B9B78E22A55573100204B6B /* Build configuration list for PBXNativeTarget "ImageInfo" */ = {
			isa = XCConfigurationList;
			buildConfigurations = (
				2B9B78E32A55573100204B6B /* Debug */,
				2B9B78E42A55573100204B6B /* Release */,
			);
			defaultConfigurationIsVisible = 0;
			defaultConfigurationName = Release;
		};
/* End XCConfigurationList section */

/* Begin XCRemoteSwiftPackageReference section */
		2B7FD6962A5691700003B3C6 /* XCRemoteSwiftPackageReference "RxSwift" */ = {
			isa = XCRemoteSwiftPackageReference;
			repositoryURL = "https://github.com/ReactiveX/RxSwift.git";
			requirement = {
				branch = main;
				kind = branch;
			};
		};
		2B9B78E52A5559E200204B6B /* XCRemoteSwiftPackageReference "SnapKit" */ = {
			isa = XCRemoteSwiftPackageReference;
			repositoryURL = "https://github.com/SnapKit/SnapKit.git";
			requirement = {
				branch = develop;
				kind = branch;
			};
		};
/* End XCRemoteSwiftPackageReference section */

/* Begin XCSwiftPackageProductDependency section */
		2B7FD6972A5691700003B3C6 /* RxCocoa */ = {
			isa = XCSwiftPackageProductDependency;
			package = 2B7FD6962A5691700003B3C6 /* XCRemoteSwiftPackageReference "RxSwift" */;
			productName = RxCocoa;
		};
		2B7FD6992A5691700003B3C6 /* RxRelay */ = {
			isa = XCSwiftPackageProductDependency;
			package = 2B7FD6962A5691700003B3C6 /* XCRemoteSwiftPackageReference "RxSwift" */;
			productName = RxRelay;
		};
		2B7FD69B2A5691700003B3C6 /* RxSwift */ = {
			isa = XCSwiftPackageProductDependency;
			package = 2B7FD6962A5691700003B3C6 /* XCRemoteSwiftPackageReference "RxSwift" */;
			productName = RxSwift;
		};
		2B9B78E62A5559E200204B6B /* SnapKit */ = {
			isa = XCSwiftPackageProductDependency;
			package = 2B9B78E52A5559E200204B6B /* XCRemoteSwiftPackageReference "SnapKit" */;
			productName = SnapKit;
		};
/* End XCSwiftPackageProductDependency section */
	};
	rootObject = 2B9B78C62A55573000204B6B /* Project object */;
}
