// !$*UTF8*$!
{
	archiveVersion = 1;
	classes = {
	};
	objectVersion = 56;
	objects = {

/* Begin PBXBuildFile section */
		2BA1C5342918D76400845340 /* PhoneTVC.swift in Sources */ = {isa = PBXBuildFile; fileRef = 2BA1C5322918D76400845340 /* PhoneTVC.swift */; };
		2BA1C5352918D76400845340 /* PhoneTVC.xib in Resources */ = {isa = PBXBuildFile; fileRef = 2BA1C5332918D76400845340 /* PhoneTVC.xib */; };
		2BF103E9291552E600FB53E1 /* AppDelegate.swift in Sources */ = {isa = PBXBuildFile; fileRef = 2BF103E8291552E600FB53E1 /* AppDelegate.swift */; };
		2BF103EB291552E600FB53E1 /* SceneDelegate.swift in Sources */ = {isa = PBXBuildFile; fileRef = 2BF103EA291552E600FB53E1 /* SceneDelegate.swift */; };
		2BF103ED291552E600FB53E1 /* ViewController.swift in Sources */ = {isa = PBXBuildFile; fileRef = 2BF103EC291552E600FB53E1 /* ViewController.swift */; };
		2BF103F0291552E600FB53E1 /* Main.storyboard in Resources */ = {isa = PBXBuildFile; fileRef = 2BF103EE291552E600FB53E1 /* Main.storyboard */; };
		2BF103F3291552E600FB53E1 /* Model.xcdatamodeld in Sources */ = {isa = PBXBuildFile; fileRef = 2BF103F1291552E600FB53E1 /* Model.xcdatamodeld */; };
		2BF103F5291552E800FB53E1 /* Assets.xcassets in Resources */ = {isa = PBXBuildFile; fileRef = 2BF103F4291552E800FB53E1 /* Assets.xcassets */; };
		2BF103F8291552E800FB53E1 /* LaunchScreen.storyboard in Resources */ = {isa = PBXBuildFile; fileRef = 2BF103F6291552E800FB53E1 /* LaunchScreen.storyboard */; };
		2BF104012915542F00FB53E1 /* PhoneBook+CoreDataClass.swift in Sources */ = {isa = PBXBuildFile; fileRef = 2BF103FF2915542F00FB53E1 /* PhoneBook+CoreDataClass.swift */; };
		2BF104022915542F00FB53E1 /* PhoneBook+CoreDataProperties.swift in Sources */ = {isa = PBXBuildFile; fileRef = 2BF104002915542F00FB53E1 /* PhoneBook+CoreDataProperties.swift */; };
/* End PBXBuildFile section */

/* Begin PBXFileReference section */
		2BA1C5322918D76400845340 /* PhoneTVC.swift */ = {isa = PBXFileReference; lastKnownFileType = sourcecode.swift; path = PhoneTVC.swift; sourceTree = "<group>"; };
		2BA1C5332918D76400845340 /* PhoneTVC.xib */ = {isa = PBXFileReference; lastKnownFileType = file.xib; path = PhoneTVC.xib; sourceTree = "<group>"; };
		2BF103E5291552E600FB53E1 /* CoreDataTest.app */ = {isa = PBXFileReference; explicitFileType = wrapper.application; includeInIndex = 0; path = CoreDataTest.app; sourceTree = BUILT_PRODUCTS_DIR; };
		2BF103E8291552E600FB53E1 /* AppDelegate.swift */ = {isa = PBXFileReference; lastKnownFileType = sourcecode.swift; path = AppDelegate.swift; sourceTree = "<group>"; };
		2BF103EA291552E600FB53E1 /* SceneDelegate.swift */ = {isa = PBXFileReference; lastKnownFileType = sourcecode.swift; path = SceneDelegate.swift; sourceTree = "<group>"; };
		2BF103EC291552E600FB53E1 /* ViewController.swift */ = {isa = PBXFileReference; lastKnownFileType = sourcecode.swift; path = ViewController.swift; sourceTree = "<group>"; };
		2BF103EF291552E600FB53E1 /* Base */ = {isa = PBXFileReference; lastKnownFileType = file.storyboard; name = Base; path = Base.lproj/Main.storyboard; sourceTree = "<group>"; };
		2BF103F2291552E600FB53E1 /* CoreDataTest.xcdatamodel */ = {isa = PBXFileReference; lastKnownFileType = wrapper.xcdatamodel; path = CoreDataTest.xcdatamodel; sourceTree = "<group>"; };
		2BF103F4291552E800FB53E1 /* Assets.xcassets */ = {isa = PBXFileReference; lastKnownFileType = folder.assetcatalog; path = Assets.xcassets; sourceTree = "<group>"; };
		2BF103F7291552E800FB53E1 /* Base */ = {isa = PBXFileReference; lastKnownFileType = file.storyboard; name = Base; path = Base.lproj/LaunchScreen.storyboard; sourceTree = "<group>"; };
		2BF103F9291552E800FB53E1 /* Info.plist */ = {isa = PBXFileReference; lastKnownFileType = text.plist.xml; path = Info.plist; sourceTree = "<group>"; };
		2BF103FF2915542F00FB53E1 /* PhoneBook+CoreDataClass.swift */ = {isa = PBXFileReference; lastKnownFileType = sourcecode.swift; path = "PhoneBook+CoreDataClass.swift"; sourceTree = "<group>"; };
		2BF104002915542F00FB53E1 /* PhoneBook+CoreDataProperties.swift */ = {isa = PBXFileReference; lastKnownFileType = sourcecode.swift; path = "PhoneBook+CoreDataProperties.swift"; sourceTree = "<group>"; };
/* End PBXFileReference section */

/* Begin PBXFrameworksBuildPhase section */
		2BF103E2291552E600FB53E1 /* Frameworks */ = {
			isa = PBXFrameworksBuildPhase;
			buildActionMask = 2147483647;
			files = (
			);
			runOnlyForDeploymentPostprocessing = 0;
		};
/* End PBXFrameworksBuildPhase section */

/* Begin PBXGroup section */
		2BF103DC291552E600FB53E1 = {
			isa = PBXGroup;
			children = (
				2BF103FF2915542F00FB53E1 /* PhoneBook+CoreDataClass.swift */,
				2BF104002915542F00FB53E1 /* PhoneBook+CoreDataProperties.swift */,
				2BF103E7291552E600FB53E1 /* CoreDataTest */,
				2BF103E6291552E600FB53E1 /* Products */,
			);
			sourceTree = "<group>";
		};
		2BF103E6291552E600FB53E1 /* Products */ = {
			isa = PBXGroup;
			children = (
				2BF103E5291552E600FB53E1 /* CoreDataTest.app */,
			);
			name = Products;
			sourceTree = "<group>";
		};
		2BF103E7291552E600FB53E1 /* CoreDataTest */ = {
			isa = PBXGroup;
			children = (
				2BF103E8291552E600FB53E1 /* AppDelegate.swift */,
				2BF103EA291552E600FB53E1 /* SceneDelegate.swift */,
				2BF103EC291552E600FB53E1 /* ViewController.swift */,
				2BF103EE291552E600FB53E1 /* Main.storyboard */,
				2BA1C5322918D76400845340 /* PhoneTVC.swift */,
				2BA1C5332918D76400845340 /* PhoneTVC.xib */,
				2BF103F4291552E800FB53E1 /* Assets.xcassets */,
				2BF103F6291552E800FB53E1 /* LaunchScreen.storyboard */,
				2BF103F9291552E800FB53E1 /* Info.plist */,
				2BF103F1291552E600FB53E1 /* Model.xcdatamodeld */,
			);
			path = CoreDataTest;
			sourceTree = "<group>";
		};
/* End PBXGroup section */

/* Begin PBXNativeTarget section */
		2BF103E4291552E600FB53E1 /* CoreDataTest */ = {
			isa = PBXNativeTarget;
			buildConfigurationList = 2BF103FC291552E800FB53E1 /* Build configuration list for PBXNativeTarget "CoreDataTest" */;
			buildPhases = (
				2BF103E1291552E600FB53E1 /* Sources */,
				2BF103E2291552E600FB53E1 /* Frameworks */,
				2BF103E3291552E600FB53E1 /* Resources */,
			);
			buildRules = (
			);
			dependencies = (
			);
			name = CoreDataTest;
			productName = CoreDataTest;
			productReference = 2BF103E5291552E600FB53E1 /* CoreDataTest.app */;
			productType = "com.apple.product-type.application";
		};
/* End PBXNativeTarget section */

/* Begin PBXProject section */
		2BF103DD291552E600FB53E1 /* Project object */ = {
			isa = PBXProject;
			attributes = {
				BuildIndependentTargetsInParallel = 1;
				LastSwiftUpdateCheck = 1400;
				LastUpgradeCheck = 1400;
				TargetAttributes = {
					2BF103E4291552E600FB53E1 = {
						CreatedOnToolsVersion = 14.0.1;
					};
				};
			};
			buildConfigurationList = 2BF103E0291552E600FB53E1 /* Build configuration list for PBXProject "CoreDataTest" */;
			compatibilityVersion = "Xcode 14.0";
			developmentRegion = en;
			hasScannedForEncodings = 0;
			knownRegions = (
				en,
				Base,
			);
			mainGroup = 2BF103DC291552E600FB53E1;
			productRefGroup = 2BF103E6291552E600FB53E1 /* Products */;
			projectDirPath = "";
			projectRoot = "";
			targets = (
				2BF103E4291552E600FB53E1 /* CoreDataTest */,
			);
		};
/* End PBXProject section */

/* Begin PBXResourcesBuildPhase section */
		2BF103E3291552E600FB53E1 /* Resources */ = {
			isa = PBXResourcesBuildPhase;
			buildActionMask = 2147483647;
			files = (
				2BA1C5352918D76400845340 /* PhoneTVC.xib in Resources */,
				2BF103F8291552E800FB53E1 /* LaunchScreen.storyboard in Resources */,
				2BF103F5291552E800FB53E1 /* Assets.xcassets in Resources */,
				2BF103F0291552E600FB53E1 /* Main.storyboard in Resources */,
			);
			runOnlyForDeploymentPostprocessing = 0;
		};
/* End PBXResourcesBuildPhase section */

/* Begin PBXSourcesBuildPhase section */
		2BF103E1291552E600FB53E1 /* Sources */ = {
			isa = PBXSourcesBuildPhase;
			buildActionMask = 2147483647;
			files = (
				2BF103F3291552E600FB53E1 /* Model.xcdatamodeld in Sources */,
				2BA1C5342918D76400845340 /* PhoneTVC.swift in Sources */,
				2BF103ED291552E600FB53E1 /* ViewController.swift in Sources */,
				2BF104012915542F00FB53E1 /* PhoneBook+CoreDataClass.swift in Sources */,
				2BF103E9291552E600FB53E1 /* AppDelegate.swift in Sources */,
				2BF103EB291552E600FB53E1 /* SceneDelegate.swift in Sources */,
				2BF104022915542F00FB53E1 /* PhoneBook+CoreDataProperties.swift in Sources */,
			);
			runOnlyForDeploymentPostprocessing = 0;
		};
/* End PBXSourcesBuildPhase section */

/* Begin PBXVariantGroup section */
		2BF103EE291552E600FB53E1 /* Main.storyboard */ = {
			isa = PBXVariantGroup;
			children = (
				2BF103EF291552E600FB53E1 /* Base */,
			);
			name = Main.storyboard;
			sourceTree = "<group>";
		};
		2BF103F6291552E800FB53E1 /* LaunchScreen.storyboard */ = {
			isa = PBXVariantGroup;
			children = (
				2BF103F7291552E800FB53E1 /* Base */,
			);
			name = LaunchScreen.storyboard;
			sourceTree = "<group>";
		};
/* End PBXVariantGroup section */

/* Begin XCBuildConfiguration section */
		2BF103FA291552E800FB53E1 /* Debug */ = {
			isa = XCBuildConfiguration;
			buildSettings = {
				ALWAYS_SEARCH_USER_PATHS = NO;
				CLANG_ANALYZER_NONNULL = YES;
				CLANG_ANALYZER_NUMBER_OBJECT_CONVERSION = YES_AGGRESSIVE;
				CLANG_CXX_LANGUAGE_STANDARD = "gnu++20";
				CLANG_ENABLE_MODULES = YES;
				CLANG_ENABLE_OBJC_ARC = YES;
				CLANG_ENABLE_OBJC_WEAK = YES;
				CLANG_WARN_BLOCK_CAPTURE_AUTORELEASING = YES;
				CLANG_WARN_BOOL_CONVERSION = YES;
				CLANG_WARN_COMMA = YES;
				CLANG_WARN_CONSTANT_CONVERSION = YES;
				CLANG_WARN_DEPRECATED_OBJC_IMPLEMENTATIONS = YES;
				CLANG_WARN_DIRECT_OBJC_ISA_USAGE = YES_ERROR;
				CLANG_WARN_DOCUMENTATION_COMMENTS = YES;
				CLANG_WARN_EMPTY_BODY = YES;
				CLANG_WARN_ENUM_CONVERSION = YES;
				CLANG_WARN_INFINITE_RECURSION = YES;
				CLANG_WARN_INT_CONVERSION = YES;
				CLANG_WARN_NON_LITERAL_NULL_CONVERSION = YES;
				CLANG_WARN_OBJC_IMPLICIT_RETAIN_SELF = YES;
				CLANG_WARN_OBJC_LITERAL_CONVERSION = YES;
				CLANG_WARN_OBJC_ROOT_CLASS = YES_ERROR;
				CLANG_WARN_QUOTED_INCLUDE_IN_FRAMEWORK_HEADER = YES;
				CLANG_WARN_RANGE_LOOP_ANALYSIS = YES;
				CLANG_WARN_STRICT_PROTOTYPES = YES;
				CLANG_WARN_SUSPICIOUS_MOVE = YES;
				CLANG_WARN_UNGUARDED_AVAILABILITY = YES_AGGRESSIVE;
				CLANG_WARN_UNREACHABLE_CODE = YES;
				CLANG_WARN__DUPLICATE_METHOD_MATCH = YES;
				COPY_PHASE_STRIP = NO;
				DEBUG_INFORMATION_FORMAT = dwarf;
				ENABLE_STRICT_OBJC_MSGSEND = YES;
				ENABLE_TESTABILITY = YES;
				GCC_C_LANGUAGE_STANDARD = gnu11;
				GCC_DYNAMIC_NO_PIC = NO;
				GCC_NO_COMMON_BLOCKS = YES;
				GCC_OPTIMIZATION_LEVEL = 0;
				GCC_PREPROCESSOR_DEFINITIONS = (
					"DEBUG=1",
					"$(inherited)",
				);
				GCC_WARN_64_TO_32_BIT_CONVERSION = YES;
				GCC_WARN_ABOUT_RETURN_TYPE = YES_ERROR;
				GCC_WARN_UNDECLARED_SELECTOR = YES;
				GCC_WARN_UNINITIALIZED_AUTOS = YES_AGGRESSIVE;
				GCC_WARN_UNUSED_FUNCTION = YES;
				GCC_WARN_UNUSED_VARIABLE = YES;
				IPHONEOS_DEPLOYMENT_TARGET = 16.0;
				MTL_ENABLE_DEBUG_INFO = INCLUDE_SOURCE;
				MTL_FAST_MATH = YES;
				ONLY_ACTIVE_ARCH = YES;
				SDKROOT = iphoneos;
				SWIFT_ACTIVE_COMPILATION_CONDITIONS = DEBUG;
				SWIFT_OPTIMIZATION_LEVEL = "-Onone";
			};
			name = Debug;
		};
		2BF103FB291552E800FB53E1 /* Release */ = {
			isa = XCBuildConfiguration;
			buildSettings = {
				ALWAYS_SEARCH_USER_PATHS = NO;
				CLANG_ANALYZER_NONNULL = YES;
				CLANG_ANALYZER_NUMBER_OBJECT_CONVERSION = YES_AGGRESSIVE;
				CLANG_CXX_LANGUAGE_STANDARD = "gnu++20";
				CLANG_ENABLE_MODULES = YES;
				CLANG_ENABLE_OBJC_ARC = YES;
				CLANG_ENABLE_OBJC_WEAK = YES;
				CLANG_WARN_BLOCK_CAPTURE_AUTORELEASING = YES;
				CLANG_WARN_BOOL_CONVERSION = YES;
				CLANG_WARN_COMMA = YES;
				CLANG_WARN_CONSTANT_CONVERSION = YES;
				CLANG_WARN_DEPRECATED_OBJC_IMPLEMENTATIONS = YES;
				CLANG_WARN_DIRECT_OBJC_ISA_USAGE = YES_ERROR;
				CLANG_WARN_DOCUMENTATION_COMMENTS = YES;
				CLANG_WARN_EMPTY_BODY = YES;
				CLANG_WARN_ENUM_CONVERSION = YES;
				CLANG_WARN_INFINITE_RECURSION = YES;
				CLANG_WARN_INT_CONVERSION = YES;
				CLANG_WARN_NON_LITERAL_NULL_CONVERSION = YES;
				CLANG_WARN_OBJC_IMPLICIT_RETAIN_SELF = YES;
				CLANG_WARN_OBJC_LITERAL_CONVERSION = YES;
				CLANG_WARN_OBJC_ROOT_CLASS = YES_ERROR;
				CLANG_WARN_QUOTED_INCLUDE_IN_FRAMEWORK_HEADER = YES;
				CLANG_WARN_RANGE_LOOP_ANALYSIS = YES;
				CLANG_WARN_STRICT_PROTOTYPES = YES;
				CLANG_WARN_SUSPICIOUS_MOVE = YES;
				CLANG_WARN_UNGUARDED_AVAILABILITY = YES_AGGRESSIVE;
				CLANG_WARN_UNREACHABLE_CODE = YES;
				CLANG_WARN__DUPLICATE_METHOD_MATCH = YES;
				COPY_PHASE_STRIP = NO;
				DEBUG_INFORMATION_FORMAT = "dwarf-with-dsym";
				ENABLE_NS_ASSERTIONS = NO;
				ENABLE_STRICT_OBJC_MSGSEND = YES;
				GCC_C_LANGUAGE_STANDARD = gnu11;
				GCC_NO_COMMON_BLOCKS = YES;
				GCC_WARN_64_TO_32_BIT_CONVERSION = YES;
				GCC_WARN_ABOUT_RETURN_TYPE = YES_ERROR;
				GCC_WARN_UNDECLARED_SELECTOR = YES;
				GCC_WARN_UNINITIALIZED_AUTOS = YES_AGGRESSIVE;
				GCC_WARN_UNUSED_FUNCTION = YES;
				GCC_WARN_UNUSED_VARIABLE = YES;
				IPHONEOS_DEPLOYMENT_TARGET = 16.0;
				MTL_ENABLE_DEBUG_INFO = NO;
				MTL_FAST_MATH = YES;
				SDKROOT = iphoneos;
				SWIFT_COMPILATION_MODE = wholemodule;
				SWIFT_OPTIMIZATION_LEVEL = "-O";
				VALIDATE_PRODUCT = YES;
			};
			name = Release;
		};
		2BF103FD291552E800FB53E1 /* Debug */ = {
			isa = XCBuildConfiguration;
			buildSettings = {
				ASSETCATALOG_COMPILER_APPICON_NAME = AppIcon;
				ASSETCATALOG_COMPILER_GLOBAL_ACCENT_COLOR_NAME = AccentColor;
				CODE_SIGN_STYLE = Automatic;
				CURRENT_PROJECT_VERSION = 1;
				DEVELOPMENT_TEAM = 6L372B2RJ6;
				GENERATE_INFOPLIST_FILE = YES;
				INFOPLIST_FILE = CoreDataTest/Info.plist;
				INFOPLIST_KEY_UIApplicationSupportsIndirectInputEvents = YES;
				INFOPLIST_KEY_UILaunchStoryboardName = LaunchScreen;
				INFOPLIST_KEY_UIMainStoryboardFile = Main;
				INFOPLIST_KEY_UISupportedInterfaceOrientations_iPad = "UIInterfaceOrientationPortrait UIInterfaceOrientationPortraitUpsideDown UIInterfaceOrientationLandscapeLeft UIInterfaceOrientationLandscapeRight";
				INFOPLIST_KEY_UISupportedInterfaceOrientations_iPhone = "UIInterfaceOrientationPortrait UIInterfaceOrientationLandscapeLeft UIInterfaceOrientationLandscapeRight";
				LD_RUNPATH_SEARCH_PATHS = (
					"$(inherited)",
					"@executable_path/Frameworks",
				);
				MARKETING_VERSION = 1.0;
				PRODUCT_BUNDLE_IDENTIFIER = subin.CoreDataTest;
				PRODUCT_NAME = "$(TARGET_NAME)";
				SWIFT_EMIT_LOC_STRINGS = YES;
				SWIFT_VERSION = 5.0;
				TARGETED_DEVICE_FAMILY = "1,2";
			};
			name = Debug;
		};
		2BF103FE291552E800FB53E1 /* Release */ = {
			isa = XCBuildConfiguration;
			buildSettings = {
				ASSETCATALOG_COMPILER_APPICON_NAME = AppIcon;
				ASSETCATALOG_COMPILER_GLOBAL_ACCENT_COLOR_NAME = AccentColor;
				CODE_SIGN_STYLE = Automatic;
				CURRENT_PROJECT_VERSION = 1;
				DEVELOPMENT_TEAM = 6L372B2RJ6;
				GENERATE_INFOPLIST_FILE = YES;
				INFOPLIST_FILE = CoreDataTest/Info.plist;
				INFOPLIST_KEY_UIApplicationSupportsIndirectInputEvents = YES;
				INFOPLIST_KEY_UILaunchStoryboardName = LaunchScreen;
				INFOPLIST_KEY_UIMainStoryboardFile = Main;
				INFOPLIST_KEY_UISupportedInterfaceOrientations_iPad = "UIInterfaceOrientationPortrait UIInterfaceOrientationPortraitUpsideDown UIInterfaceOrientationLandscapeLeft UIInterfaceOrientationLandscapeRight";
				INFOPLIST_KEY_UISupportedInterfaceOrientations_iPhone = "UIInterfaceOrientationPortrait UIInterfaceOrientationLandscapeLeft UIInterfaceOrientationLandscapeRight";
				LD_RUNPATH_SEARCH_PATHS = (
					"$(inherited)",
					"@executable_path/Frameworks",
				);
				MARKETING_VERSION = 1.0;
				PRODUCT_BUNDLE_IDENTIFIER = subin.CoreDataTest;
				PRODUCT_NAME = "$(TARGET_NAME)";
				SWIFT_EMIT_LOC_STRINGS = YES;
				SWIFT_VERSION = 5.0;
				TARGETED_DEVICE_FAMILY = "1,2";
			};
			name = Release;
		};
/* End XCBuildConfiguration section */

/* Begin XCConfigurationList section */
		2BF103E0291552E600FB53E1 /* Build configuration list for PBXProject "CoreDataTest" */ = {
			isa = XCConfigurationList;
			buildConfigurations = (
				2BF103FA291552E800FB53E1 /* Debug */,
				2BF103FB291552E800FB53E1 /* Release */,
			);
			defaultConfigurationIsVisible = 0;
			defaultConfigurationName = Release;
		};
		2BF103FC291552E800FB53E1 /* Build configuration list for PBXNativeTarget "CoreDataTest" */ = {
			isa = XCConfigurationList;
			buildConfigurations = (
				2BF103FD291552E800FB53E1 /* Debug */,
				2BF103FE291552E800FB53E1 /* Release */,
			);
			defaultConfigurationIsVisible = 0;
			defaultConfigurationName = Release;
		};
/* End XCConfigurationList section */

/* Begin XCVersionGroup section */
		2BF103F1291552E600FB53E1 /* Model.xcdatamodeld */ = {
			isa = XCVersionGroup;
			children = (
				2BF103F2291552E600FB53E1 /* CoreDataTest.xcdatamodel */,
			);
			currentVersion = 2BF103F2291552E600FB53E1 /* CoreDataTest.xcdatamodel */;
			path = Model.xcdatamodeld;
			sourceTree = "<group>";
			versionGroupType = wrapper.xcdatamodel;
		};
/* End XCVersionGroup section */
	};
	rootObject = 2BF103DD291552E600FB53E1 /* Project object */;
}
