// !$*UTF8*$!
{
	archiveVersion = 1;
	classes = {
	};
	objectVersion = 56;
	objects = {

/* Begin PBXBuildFile section */
		2B5B1B6E28DF64F10098A1B8 /* UserDataModel.swift in Sources */ = {isa = PBXBuildFile; fileRef = 2B5B1B6D28DF64F10098A1B8 /* UserDataModel.swift */; };
		2BE1720728DF3D2A00F7E4E0 /* AppDelegate.swift in Sources */ = {isa = PBXBuildFile; fileRef = 2BE1720628DF3D2A00F7E4E0 /* AppDelegate.swift */; };
		2BE1720928DF3D2A00F7E4E0 /* SceneDelegate.swift in Sources */ = {isa = PBXBuildFile; fileRef = 2BE1720828DF3D2A00F7E4E0 /* SceneDelegate.swift */; };
		2BE1720B28DF3D2A00F7E4E0 /* ViewController.swift in Sources */ = {isa = PBXBuildFile; fileRef = 2BE1720A28DF3D2A00F7E4E0 /* ViewController.swift */; };
		2BE1720E28DF3D2A00F7E4E0 /* Main.storyboard in Resources */ = {isa = PBXBuildFile; fileRef = 2BE1720C28DF3D2A00F7E4E0 /* Main.storyboard */; };
		2BE1721028DF3D2B00F7E4E0 /* Assets.xcassets in Resources */ = {isa = PBXBuildFile; fileRef = 2BE1720F28DF3D2B00F7E4E0 /* Assets.xcassets */; };
		2BE1721328DF3D2B00F7E4E0 /* LaunchScreen.storyboard in Resources */ = {isa = PBXBuildFile; fileRef = 2BE1721128DF3D2B00F7E4E0 /* LaunchScreen.storyboard */; };
		2BE1721C28DF445200F7E4E0 /* RxCocoa in Frameworks */ = {isa = PBXBuildFile; productRef = 2BE1721B28DF445200F7E4E0 /* RxCocoa */; };
		2BE1721E28DF445200F7E4E0 /* RxRelay in Frameworks */ = {isa = PBXBuildFile; productRef = 2BE1721D28DF445200F7E4E0 /* RxRelay */; };
		2BE1722028DF445200F7E4E0 /* RxSwift in Frameworks */ = {isa = PBXBuildFile; productRef = 2BE1721F28DF445200F7E4E0 /* RxSwift */; };
		2BE1722428DF44F300F7E4E0 /* TestViewModel.swift in Sources */ = {isa = PBXBuildFile; fileRef = 2BE1722328DF44F300F7E4E0 /* TestViewModel.swift */; };
		2BE1722628DF4A5300F7E4E0 /* ViewModelType.swift in Sources */ = {isa = PBXBuildFile; fileRef = 2BE1722528DF4A5300F7E4E0 /* ViewModelType.swift */; };
		2BE1723628DF623900F7E4E0 /* RxCocoa-Dynamic in Embed Frameworks */ = {isa = PBXBuildFile; productRef = 2BE1723428DF623900F7E4E0 /* RxCocoa-Dynamic */; settings = {ATTRIBUTES = (CodeSignOnCopy, ); }; };
/* End PBXBuildFile section */

/* Begin PBXCopyFilesBuildPhase section */
		2BE1722C28DF5F9700F7E4E0 /* Embed Frameworks */ = {
			isa = PBXCopyFilesBuildPhase;
			buildActionMask = 2147483647;
			dstPath = "";
			dstSubfolderSpec = 10;
			files = (
				2BE1723628DF623900F7E4E0 /* RxCocoa-Dynamic in Embed Frameworks */,
			);
			name = "Embed Frameworks";
			runOnlyForDeploymentPostprocessing = 0;
		};
/* End PBXCopyFilesBuildPhase section */

/* Begin PBXFileReference section */
		2B5B1B6D28DF64F10098A1B8 /* UserDataModel.swift */ = {isa = PBXFileReference; lastKnownFileType = sourcecode.swift; path = UserDataModel.swift; sourceTree = "<group>"; };
		2BE1720328DF3D2A00F7E4E0 /* MVVM-RxSwift.app */ = {isa = PBXFileReference; explicitFileType = wrapper.application; includeInIndex = 0; path = "MVVM-RxSwift.app"; sourceTree = BUILT_PRODUCTS_DIR; };
		2BE1720628DF3D2A00F7E4E0 /* AppDelegate.swift */ = {isa = PBXFileReference; lastKnownFileType = sourcecode.swift; path = AppDelegate.swift; sourceTree = "<group>"; };
		2BE1720828DF3D2A00F7E4E0 /* SceneDelegate.swift */ = {isa = PBXFileReference; lastKnownFileType = sourcecode.swift; path = SceneDelegate.swift; sourceTree = "<group>"; };
		2BE1720A28DF3D2A00F7E4E0 /* ViewController.swift */ = {isa = PBXFileReference; lastKnownFileType = sourcecode.swift; path = ViewController.swift; sourceTree = "<group>"; };
		2BE1720D28DF3D2A00F7E4E0 /* Base */ = {isa = PBXFileReference; lastKnownFileType = file.storyboard; name = Base; path = Base.lproj/Main.storyboard; sourceTree = "<group>"; };
		2BE1720F28DF3D2B00F7E4E0 /* Assets.xcassets */ = {isa = PBXFileReference; lastKnownFileType = folder.assetcatalog; path = Assets.xcassets; sourceTree = "<group>"; };
		2BE1721228DF3D2B00F7E4E0 /* Base */ = {isa = PBXFileReference; lastKnownFileType = file.storyboard; name = Base; path = Base.lproj/LaunchScreen.storyboard; sourceTree = "<group>"; };
		2BE1721428DF3D2B00F7E4E0 /* Info.plist */ = {isa = PBXFileReference; lastKnownFileType = text.plist.xml; path = Info.plist; sourceTree = "<group>"; };
		2BE1722328DF44F300F7E4E0 /* TestViewModel.swift */ = {isa = PBXFileReference; lastKnownFileType = sourcecode.swift; path = TestViewModel.swift; sourceTree = "<group>"; };
		2BE1722528DF4A5300F7E4E0 /* ViewModelType.swift */ = {isa = PBXFileReference; lastKnownFileType = sourcecode.swift; path = ViewModelType.swift; sourceTree = "<group>"; };
/* End PBXFileReference section */

/* Begin PBXFrameworksBuildPhase section */
		2BE1720028DF3D2A00F7E4E0 /* Frameworks */ = {
			isa = PBXFrameworksBuildPhase;
			buildActionMask = 2147483647;
			files = (
				2BE1722028DF445200F7E4E0 /* RxSwift in Frameworks */,
				2BE1721E28DF445200F7E4E0 /* RxRelay in Frameworks */,
				2BE1721C28DF445200F7E4E0 /* RxCocoa in Frameworks */,
			);
			runOnlyForDeploymentPostprocessing = 0;
		};
/* End PBXFrameworksBuildPhase section */

/* Begin PBXGroup section */
		2BE171FA28DF3D2A00F7E4E0 = {
			isa = PBXGroup;
			children = (
				2BE1720528DF3D2A00F7E4E0 /* MVVM-RxSwift */,
				2BE1720428DF3D2A00F7E4E0 /* Products */,
				2BE1722728DF5C5200F7E4E0 /* Frameworks */,
			);
			sourceTree = "<group>";
		};
		2BE1720428DF3D2A00F7E4E0 /* Products */ = {
			isa = PBXGroup;
			children = (
				2BE1720328DF3D2A00F7E4E0 /* MVVM-RxSwift.app */,
			);
			name = Products;
			sourceTree = "<group>";
		};
		2BE1720528DF3D2A00F7E4E0 /* MVVM-RxSwift */ = {
			isa = PBXGroup;
			children = (
				2BE1720628DF3D2A00F7E4E0 /* AppDelegate.swift */,
				2BE1720828DF3D2A00F7E4E0 /* SceneDelegate.swift */,
				2BE1720A28DF3D2A00F7E4E0 /* ViewController.swift */,
				2BE1722328DF44F300F7E4E0 /* TestViewModel.swift */,
				2B5B1B6D28DF64F10098A1B8 /* UserDataModel.swift */,
				2BE1722528DF4A5300F7E4E0 /* ViewModelType.swift */,
				2BE1720C28DF3D2A00F7E4E0 /* Main.storyboard */,
				2BE1720F28DF3D2B00F7E4E0 /* Assets.xcassets */,
				2BE1721128DF3D2B00F7E4E0 /* LaunchScreen.storyboard */,
				2BE1721428DF3D2B00F7E4E0 /* Info.plist */,
			);
			path = "MVVM-RxSwift";
			sourceTree = "<group>";
		};
		2BE1722728DF5C5200F7E4E0 /* Frameworks */ = {
			isa = PBXGroup;
			children = (
			);
			name = Frameworks;
			sourceTree = "<group>";
		};
/* End PBXGroup section */

/* Begin PBXNativeTarget section */
		2BE1720228DF3D2A00F7E4E0 /* MVVM-RxSwift */ = {
			isa = PBXNativeTarget;
			buildConfigurationList = 2BE1721728DF3D2B00F7E4E0 /* Build configuration list for PBXNativeTarget "MVVM-RxSwift" */;
			buildPhases = (
				2BE171FF28DF3D2A00F7E4E0 /* Sources */,
				2BE1720028DF3D2A00F7E4E0 /* Frameworks */,
				2BE1720128DF3D2A00F7E4E0 /* Resources */,
				2BE1722C28DF5F9700F7E4E0 /* Embed Frameworks */,
			);
			buildRules = (
			);
			dependencies = (
			);
			name = "MVVM-RxSwift";
			packageProductDependencies = (
				2BE1721B28DF445200F7E4E0 /* RxCocoa */,
				2BE1721D28DF445200F7E4E0 /* RxRelay */,
				2BE1721F28DF445200F7E4E0 /* RxSwift */,
				2BE1723428DF623900F7E4E0 /* RxCocoa-Dynamic */,
			);
			productName = "MVVM-RxSwift";
			productReference = 2BE1720328DF3D2A00F7E4E0 /* MVVM-RxSwift.app */;
			productType = "com.apple.product-type.application";
		};
/* End PBXNativeTarget section */

/* Begin PBXProject section */
		2BE171FB28DF3D2A00F7E4E0 /* Project object */ = {
			isa = PBXProject;
			attributes = {
				BuildIndependentTargetsInParallel = 1;
				LastSwiftUpdateCheck = 1400;
				LastUpgradeCheck = 1400;
				TargetAttributes = {
					2BE1720228DF3D2A00F7E4E0 = {
						CreatedOnToolsVersion = 14.0;
					};
				};
			};
			buildConfigurationList = 2BE171FE28DF3D2A00F7E4E0 /* Build configuration list for PBXProject "MVVM-RxSwift" */;
			compatibilityVersion = "Xcode 14.0";
			developmentRegion = en;
			hasScannedForEncodings = 0;
			knownRegions = (
				en,
				Base,
			);
			mainGroup = 2BE171FA28DF3D2A00F7E4E0;
			packageReferences = (
				2BE1721A28DF445200F7E4E0 /* XCRemoteSwiftPackageReference "RxSwift" */,
			);
			productRefGroup = 2BE1720428DF3D2A00F7E4E0 /* Products */;
			projectDirPath = "";
			projectRoot = "";
			targets = (
				2BE1720228DF3D2A00F7E4E0 /* MVVM-RxSwift */,
			);
		};
/* End PBXProject section */

/* Begin PBXResourcesBuildPhase section */
		2BE1720128DF3D2A00F7E4E0 /* Resources */ = {
			isa = PBXResourcesBuildPhase;
			buildActionMask = 2147483647;
			files = (
				2BE1721328DF3D2B00F7E4E0 /* LaunchScreen.storyboard in Resources */,
				2BE1721028DF3D2B00F7E4E0 /* Assets.xcassets in Resources */,
				2BE1720E28DF3D2A00F7E4E0 /* Main.storyboard in Resources */,
			);
			runOnlyForDeploymentPostprocessing = 0;
		};
/* End PBXResourcesBuildPhase section */

/* Begin PBXSourcesBuildPhase section */
		2BE171FF28DF3D2A00F7E4E0 /* Sources */ = {
			isa = PBXSourcesBuildPhase;
			buildActionMask = 2147483647;
			files = (
				2B5B1B6E28DF64F10098A1B8 /* UserDataModel.swift in Sources */,
				2BE1720B28DF3D2A00F7E4E0 /* ViewController.swift in Sources */,
				2BE1720728DF3D2A00F7E4E0 /* AppDelegate.swift in Sources */,
				2BE1722428DF44F300F7E4E0 /* TestViewModel.swift in Sources */,
				2BE1722628DF4A5300F7E4E0 /* ViewModelType.swift in Sources */,
				2BE1720928DF3D2A00F7E4E0 /* SceneDelegate.swift in Sources */,
			);
			runOnlyForDeploymentPostprocessing = 0;
		};
/* End PBXSourcesBuildPhase section */

/* Begin PBXVariantGroup section */
		2BE1720C28DF3D2A00F7E4E0 /* Main.storyboard */ = {
			isa = PBXVariantGroup;
			children = (
				2BE1720D28DF3D2A00F7E4E0 /* Base */,
			);
			name = Main.storyboard;
			sourceTree = "<group>";
		};
		2BE1721128DF3D2B00F7E4E0 /* LaunchScreen.storyboard */ = {
			isa = PBXVariantGroup;
			children = (
				2BE1721228DF3D2B00F7E4E0 /* Base */,
			);
			name = LaunchScreen.storyboard;
			sourceTree = "<group>";
		};
/* End PBXVariantGroup section */

/* Begin XCBuildConfiguration section */
		2BE1721528DF3D2B00F7E4E0 /* Debug */ = {
			isa = XCBuildConfiguration;
			buildSettings = {
				ALWAYS_SEARCH_USER_PATHS = NO;
				CLANG_ANALYZER_NONNULL = YES;
				CLANG_ANALYZER_NUMBER_OBJECT_CONVERSION = YES_AGGRESSIVE;
				CLANG_CXX_LANGUAGE_STANDARD = "gnu++20";
				CLANG_ENABLE_MODULES = YES;
				CLANG_ENABLE_OBJC_ARC = YES;
				CLANG_ENABLE_OBJC_WEAK = YES;
				CLANG_WARN_BLOCK_CAPTURE_AUTORELEASING = YES;
				CLANG_WARN_BOOL_CONVERSION = YES;
				CLANG_WARN_COMMA = YES;
				CLANG_WARN_CONSTANT_CONVERSION = YES;
				CLANG_WARN_DEPRECATED_OBJC_IMPLEMENTATIONS = YES;
				CLANG_WARN_DIRECT_OBJC_ISA_USAGE = YES_ERROR;
				CLANG_WARN_DOCUMENTATION_COMMENTS = YES;
				CLANG_WARN_EMPTY_BODY = YES;
				CLANG_WARN_ENUM_CONVERSION = YES;
				CLANG_WARN_INFINITE_RECURSION = YES;
				CLANG_WARN_INT_CONVERSION = YES;
				CLANG_WARN_NON_LITERAL_NULL_CONVERSION = YES;
				CLANG_WARN_OBJC_IMPLICIT_RETAIN_SELF = YES;
				CLANG_WARN_OBJC_LITERAL_CONVERSION = YES;
				CLANG_WARN_OBJC_ROOT_CLASS = YES_ERROR;
				CLANG_WARN_QUOTED_INCLUDE_IN_FRAMEWORK_HEADER = YES;
				CLANG_WARN_RANGE_LOOP_ANALYSIS = YES;
				CLANG_WARN_STRICT_PROTOTYPES = YES;
				CLANG_WARN_SUSPICIOUS_MOVE = YES;
				CLANG_WARN_UNGUARDED_AVAILABILITY = YES_AGGRESSIVE;
				CLANG_WARN_UNREACHABLE_CODE = YES;
				CLANG_WARN__DUPLICATE_METHOD_MATCH = YES;
				COPY_PHASE_STRIP = NO;
				DEBUG_INFORMATION_FORMAT = dwarf;
				ENABLE_STRICT_OBJC_MSGSEND = YES;
				ENABLE_TESTABILITY = YES;
				GCC_C_LANGUAGE_STANDARD = gnu11;
				GCC_DYNAMIC_NO_PIC = NO;
				GCC_NO_COMMON_BLOCKS = YES;
				GCC_OPTIMIZATION_LEVEL = 0;
				GCC_PREPROCESSOR_DEFINITIONS = (
					"DEBUG=1",
					"$(inherited)",
				);
				GCC_WARN_64_TO_32_BIT_CONVERSION = YES;
				GCC_WARN_ABOUT_RETURN_TYPE = YES_ERROR;
				GCC_WARN_UNDECLARED_SELECTOR = YES;
				GCC_WARN_UNINITIALIZED_AUTOS = YES_AGGRESSIVE;
				GCC_WARN_UNUSED_FUNCTION = YES;
				GCC_WARN_UNUSED_VARIABLE = YES;
				IPHONEOS_DEPLOYMENT_TARGET = 16.0;
				MTL_ENABLE_DEBUG_INFO = INCLUDE_SOURCE;
				MTL_FAST_MATH = YES;
				ONLY_ACTIVE_ARCH = YES;
				SDKROOT = iphoneos;
				SWIFT_ACTIVE_COMPILATION_CONDITIONS = DEBUG;
				SWIFT_OPTIMIZATION_LEVEL = "-Onone";
			};
			name = Debug;
		};
		2BE1721628DF3D2B00F7E4E0 /* Release */ = {
			isa = XCBuildConfiguration;
			buildSettings = {
				ALWAYS_SEARCH_USER_PATHS = NO;
				CLANG_ANALYZER_NONNULL = YES;
				CLANG_ANALYZER_NUMBER_OBJECT_CONVERSION = YES_AGGRESSIVE;
				CLANG_CXX_LANGUAGE_STANDARD = "gnu++20";
				CLANG_ENABLE_MODULES = YES;
				CLANG_ENABLE_OBJC_ARC = YES;
				CLANG_ENABLE_OBJC_WEAK = YES;
				CLANG_WARN_BLOCK_CAPTURE_AUTORELEASING = YES;
				CLANG_WARN_BOOL_CONVERSION = YES;
				CLANG_WARN_COMMA = YES;
				CLANG_WARN_CONSTANT_CONVERSION = YES;
				CLANG_WARN_DEPRECATED_OBJC_IMPLEMENTATIONS = YES;
				CLANG_WARN_DIRECT_OBJC_ISA_USAGE = YES_ERROR;
				CLANG_WARN_DOCUMENTATION_COMMENTS = YES;
				CLANG_WARN_EMPTY_BODY = YES;
				CLANG_WARN_ENUM_CONVERSION = YES;
				CLANG_WARN_INFINITE_RECURSION = YES;
				CLANG_WARN_INT_CONVERSION = YES;
				CLANG_WARN_NON_LITERAL_NULL_CONVERSION = YES;
				CLANG_WARN_OBJC_IMPLICIT_RETAIN_SELF = YES;
				CLANG_WARN_OBJC_LITERAL_CONVERSION = YES;
				CLANG_WARN_OBJC_ROOT_CLASS = YES_ERROR;
				CLANG_WARN_QUOTED_INCLUDE_IN_FRAMEWORK_HEADER = YES;
				CLANG_WARN_RANGE_LOOP_ANALYSIS = YES;
				CLANG_WARN_STRICT_PROTOTYPES = YES;
				CLANG_WARN_SUSPICIOUS_MOVE = YES;
				CLANG_WARN_UNGUARDED_AVAILABILITY = YES_AGGRESSIVE;
				CLANG_WARN_UNREACHABLE_CODE = YES;
				CLANG_WARN__DUPLICATE_METHOD_MATCH = YES;
				COPY_PHASE_STRIP = NO;
				DEBUG_INFORMATION_FORMAT = "dwarf-with-dsym";
				ENABLE_NS_ASSERTIONS = NO;
				ENABLE_STRICT_OBJC_MSGSEND = YES;
				GCC_C_LANGUAGE_STANDARD = gnu11;
				GCC_NO_COMMON_BLOCKS = YES;
				GCC_WARN_64_TO_32_BIT_CONVERSION = YES;
				GCC_WARN_ABOUT_RETURN_TYPE = YES_ERROR;
				GCC_WARN_UNDECLARED_SELECTOR = YES;
				GCC_WARN_UNINITIALIZED_AUTOS = YES_AGGRESSIVE;
				GCC_WARN_UNUSED_FUNCTION = YES;
				GCC_WARN_UNUSED_VARIABLE = YES;
				IPHONEOS_DEPLOYMENT_TARGET = 16.0;
				MTL_ENABLE_DEBUG_INFO = NO;
				MTL_FAST_MATH = YES;
				SDKROOT = iphoneos;
				SWIFT_COMPILATION_MODE = wholemodule;
				SWIFT_OPTIMIZATION_LEVEL = "-O";
				VALIDATE_PRODUCT = YES;
			};
			name = Release;
		};
		2BE1721828DF3D2B00F7E4E0 /* Debug */ = {
			isa = XCBuildConfiguration;
			buildSettings = {
				ASSETCATALOG_COMPILER_APPICON_NAME = AppIcon;
				ASSETCATALOG_COMPILER_GLOBAL_ACCENT_COLOR_NAME = AccentColor;
				CODE_SIGN_STYLE = Automatic;
				CURRENT_PROJECT_VERSION = 1;
				DEVELOPMENT_TEAM = 6L372B2RJ6;
				GENERATE_INFOPLIST_FILE = YES;
				INFOPLIST_FILE = "MVVM-RxSwift/Info.plist";
				INFOPLIST_KEY_UIApplicationSupportsIndirectInputEvents = YES;
				INFOPLIST_KEY_UILaunchStoryboardName = LaunchScreen;
				INFOPLIST_KEY_UIMainStoryboardFile = Main;
				INFOPLIST_KEY_UISupportedInterfaceOrientations_iPad = "UIInterfaceOrientationPortrait UIInterfaceOrientationPortraitUpsideDown UIInterfaceOrientationLandscapeLeft UIInterfaceOrientationLandscapeRight";
				INFOPLIST_KEY_UISupportedInterfaceOrientations_iPhone = "UIInterfaceOrientationPortrait UIInterfaceOrientationLandscapeLeft UIInterfaceOrientationLandscapeRight";
				IPHONEOS_DEPLOYMENT_TARGET = 14.0;
				LD_RUNPATH_SEARCH_PATHS = (
					"$(inherited)",
					"@executable_path/Frameworks",
				);
				MARKETING_VERSION = 1.0;
				PRODUCT_BUNDLE_IDENTIFIER = "subin.MVVM-RxSwift";
				PRODUCT_NAME = "$(TARGET_NAME)";
				SWIFT_EMIT_LOC_STRINGS = YES;
				SWIFT_VERSION = 5.0;
				TARGETED_DEVICE_FAMILY = "1,2";
			};
			name = Debug;
		};
		2BE1721928DF3D2B00F7E4E0 /* Release */ = {
			isa = XCBuildConfiguration;
			buildSettings = {
				ASSETCATALOG_COMPILER_APPICON_NAME = AppIcon;
				ASSETCATALOG_COMPILER_GLOBAL_ACCENT_COLOR_NAME = AccentColor;
				CODE_SIGN_STYLE = Automatic;
				CURRENT_PROJECT_VERSION = 1;
				DEVELOPMENT_TEAM = 6L372B2RJ6;
				GENERATE_INFOPLIST_FILE = YES;
				INFOPLIST_FILE = "MVVM-RxSwift/Info.plist";
				INFOPLIST_KEY_UIApplicationSupportsIndirectInputEvents = YES;
				INFOPLIST_KEY_UILaunchStoryboardName = LaunchScreen;
				INFOPLIST_KEY_UIMainStoryboardFile = Main;
				INFOPLIST_KEY_UISupportedInterfaceOrientations_iPad = "UIInterfaceOrientationPortrait UIInterfaceOrientationPortraitUpsideDown UIInterfaceOrientationLandscapeLeft UIInterfaceOrientationLandscapeRight";
				INFOPLIST_KEY_UISupportedInterfaceOrientations_iPhone = "UIInterfaceOrientationPortrait UIInterfaceOrientationLandscapeLeft UIInterfaceOrientationLandscapeRight";
				IPHONEOS_DEPLOYMENT_TARGET = 14.0;
				LD_RUNPATH_SEARCH_PATHS = (
					"$(inherited)",
					"@executable_path/Frameworks",
				);
				MARKETING_VERSION = 1.0;
				PRODUCT_BUNDLE_IDENTIFIER = "subin.MVVM-RxSwift";
				PRODUCT_NAME = "$(TARGET_NAME)";
				SWIFT_EMIT_LOC_STRINGS = YES;
				SWIFT_VERSION = 5.0;
				TARGETED_DEVICE_FAMILY = "1,2";
			};
			name = Release;
		};
/* End XCBuildConfiguration section */

/* Begin XCConfigurationList section */
		2BE171FE28DF3D2A00F7E4E0 /* Build configuration list for PBXProject "MVVM-RxSwift" */ = {
			isa = XCConfigurationList;
			buildConfigurations = (
				2BE1721528DF3D2B00F7E4E0 /* Debug */,
				2BE1721628DF3D2B00F7E4E0 /* Release */,
			);
			defaultConfigurationIsVisible = 0;
			defaultConfigurationName = Release;
		};
		2BE1721728DF3D2B00F7E4E0 /* Build configuration list for PBXNativeTarget "MVVM-RxSwift" */ = {
			isa = XCConfigurationList;
			buildConfigurations = (
				2BE1721828DF3D2B00F7E4E0 /* Debug */,
				2BE1721928DF3D2B00F7E4E0 /* Release */,
			);
			defaultConfigurationIsVisible = 0;
			defaultConfigurationName = Release;
		};
/* End XCConfigurationList section */

/* Begin XCRemoteSwiftPackageReference section */
		2BE1721A28DF445200F7E4E0 /* XCRemoteSwiftPackageReference "RxSwift" */ = {
			isa = XCRemoteSwiftPackageReference;
			repositoryURL = "https://github.com/ReactiveX/RxSwift.git";
			requirement = {
				kind = upToNextMajorVersion;
				minimumVersion = 6.0.0;
			};
		};
/* End XCRemoteSwiftPackageReference section */

/* Begin XCSwiftPackageProductDependency section */
		2BE1721B28DF445200F7E4E0 /* RxCocoa */ = {
			isa = XCSwiftPackageProductDependency;
			package = 2BE1721A28DF445200F7E4E0 /* XCRemoteSwiftPackageReference "RxSwift" */;
			productName = RxCocoa;
		};
		2BE1721D28DF445200F7E4E0 /* RxRelay */ = {
			isa = XCSwiftPackageProductDependency;
			package = 2BE1721A28DF445200F7E4E0 /* XCRemoteSwiftPackageReference "RxSwift" */;
			productName = RxRelay;
		};
		2BE1721F28DF445200F7E4E0 /* RxSwift */ = {
			isa = XCSwiftPackageProductDependency;
			package = 2BE1721A28DF445200F7E4E0 /* XCRemoteSwiftPackageReference "RxSwift" */;
			productName = RxSwift;
		};
		2BE1723428DF623900F7E4E0 /* RxCocoa-Dynamic */ = {
			isa = XCSwiftPackageProductDependency;
			package = 2BE1721A28DF445200F7E4E0 /* XCRemoteSwiftPackageReference "RxSwift" */;
			productName = "RxCocoa-Dynamic";
		};
/* End XCSwiftPackageProductDependency section */
	};
	rootObject = 2BE171FB28DF3D2A00F7E4E0 /* Project object */;
}
